# This file is automatically @generated by Cargo.
# It is not intended for manual editing.
version = 3

[[package]]
name = "hex"
version = "0.4.3"
source = "registry+https://github.com/rust-lang/crates.io-index"
checksum = "7f24254aa9a54b5c858eaee2f5bccdb46aaf0e486a595ed5fd8f86ba55232a70"

[[package]]
name = "polkadot_final3"
version = "0.1.0"
dependencies = [
 "hex",
 "substrate-subxt",
]

[[package]]
name = "substrate-subxt"
version = "0.16.0"
source = "registry+https://github.com/rust-lang/crates.io-index"
checksum = "2213b0bf9f6260677af2c2c8ef199f7308e6865974fc4a9d91d6c6497f800ee5"
